
Microsoft Visual Studio Solution File, Format Version 12.00
# Visual Studio 15
VisualStudioVersion = 15.0.27428.2005
MinimumVisualStudioVersion = 10.0.40219.1
Project("{FAE04EC0-301F-11D3-BF4B-00C04F79EFBC}") = "ConverterExample.Android", "ConverterExample\ConverterExample.Android\ConverterExample.Android.csproj", "{B61F44DB-0F30-4002-A272-73CCA2F74949}"
EndProject
Project("{FAE04EC0-301F-11D3-BF4B-00C04F79EFBC}") = "ConverterExample.iOS", "ConverterExample\ConverterExample.iOS\ConverterExample.iOS.csproj", "{48D0ADDD-A176-4E9B-9707-E52A0868CCAC}"
EndProject
Project("{FAE04EC0-301F-11D3-BF4B-00C04F79EFBC}") = "ConverterExample.UWP", "ConverterExample\ConverterExample.UWP\ConverterExample.UWP.csproj", "{E385C79A-C456-4BE5-89A7-60823405952C}"
EndProject
Project("{FAE04EC0-301F-11D3-BF4B-00C04F79EFBC}") = "ConverterExample", "ConverterExample\ConverterExample\ConverterExample.csproj", "{4FA5AAC8-11C3-4583-8A1D-D5CEBE2DA723}"
EndProject
Global
	GlobalSection(SolutionConfigurationPlatforms) = preSolution
		Ad-Hoc|Any CPU = Ad-Hoc|Any CPU
		Ad-Hoc|ARM = Ad-Hoc|ARM
		Ad-Hoc|iPhone = Ad-Hoc|iPhone
		Ad-Hoc|iPhoneSimulator = Ad-Hoc|iPhoneSimulator
		Ad-Hoc|x64 = Ad-Hoc|x64
		Ad-Hoc|x86 = Ad-Hoc|x86
		AppStore|Any CPU = AppStore|Any CPU
		AppStore|ARM = AppStore|ARM
		AppStore|iPhone = AppStore|iPhone
		AppStore|iPhoneSimulator = AppStore|iPhoneSimulator
		AppStore|x64 = AppStore|x64
		AppStore|x86 = AppStore|x86
		Debug|Any CPU = Debug|Any CPU
		Debug|ARM = Debug|ARM
		Debug|iPhone = Debug|iPhone
		Debug|iPhoneSimulator = Debug|iPhoneSimulator
		Debug|x64 = Debug|x64
		Debug|x86 = Debug|x86
		Release|Any CPU = Release|Any CPU
		Release|ARM = Release|ARM
		Release|iPhone = Release|iPhone
		Release|iPhoneSimulator = Release|iPhoneSimulator
		Release|x64 = Release|x64
		Release|x86 = Release|x86
	EndGlobalSection
	GlobalSection(ProjectConfigurationPlatforms) = postSolution
		{B61F44DB-0F30-4002-A272-73CCA2F74949}.Ad-Hoc|Any CPU.ActiveCfg = Release|Any CPU
		{B61F44DB-0F30-4002-A272-73CCA2F74949}.Ad-Hoc|Any CPU.Build.0 = Release|Any CPU
		{B61F44DB-0F30-4002-A272-73CCA2F74949}.Ad-Hoc|Any CPU.Deploy.0 = Release|Any CPU
		{B61F44DB-0F30-4002-A272-73CCA2F74949}.Ad-Hoc|ARM.ActiveCfg = Release|Any CPU
		{B61F44DB-0F30-4002-A272-73CCA2F74949}.Ad-Hoc|ARM.Build.0 = Release|Any CPU
		{B61F44DB-0F30-4002-A272-73CCA2F74949}.Ad-Hoc|ARM.Deploy.0 = Release|Any CPU
		{B61F44DB-0F30-4002-A272-73CCA2F74949}.Ad-Hoc|iPhone.ActiveCfg = Release|Any CPU
		{B61F44DB-0F30-4002-A272-73CCA2F74949}.Ad-Hoc|iPhone.Build.0 = Release|Any CPU
		{B61F44DB-0F30-4002-A272-73CCA2F74949}.Ad-Hoc|iPhone.Deploy.0 = Release|Any CPU
		{B61F44DB-0F30-4002-A272-73CCA2F74949}.Ad-Hoc|iPhoneSimulator.ActiveCfg = Release|Any CPU
		{B61F44DB-0F30-4002-A272-73CCA2F74949}.Ad-Hoc|iPhoneSimulator.Build.0 = Release|Any CPU
		{B61F44DB-0F30-4002-A272-73CCA2F74949}.Ad-Hoc|iPhoneSimulator.Deploy.0 = Release|Any CPU
		{B61F44DB-0F30-4002-A272-73CCA2F74949}.Ad-Hoc|x64.ActiveCfg = Release|Any CPU
		{B61F44DB-0F30-4002-A272-73CCA2F74949}.Ad-Hoc|x64.Build.0 = Release|Any CPU
		{B61F44DB-0F30-4002-A272-73CCA2F74949}.Ad-Hoc|x64.Deploy.0 = Release|Any CPU
		{B61F44DB-0F30-4002-A272-73CCA2F74949}.Ad-Hoc|x86.ActiveCfg = Release|Any CPU
		{B61F44DB-0F30-4002-A272-73CCA2F74949}.Ad-Hoc|x86.Build.0 = Release|Any CPU
		{B61F44DB-0F30-4002-A272-73CCA2F74949}.Ad-Hoc|x86.Deploy.0 = Release|Any CPU
		{B61F44DB-0F30-4002-A272-73CCA2F74949}.AppStore|Any CPU.ActiveCfg = Release|Any CPU
		{B61F44DB-0F30-4002-A272-73CCA2F74949}.AppStore|Any CPU.Build.0 = Release|Any CPU
		{B61F44DB-0F30-4002-A272-73CCA2F74949}.AppStore|Any CPU.Deploy.0 = Release|Any CPU
		{B61F44DB-0F30-4002-A272-73CCA2F74949}.AppStore|ARM.ActiveCfg = Release|Any CPU
		{B61F44DB-0F30-4002-A272-73CCA2F74949}.AppStore|ARM.Build.0 = Release|Any CPU
		{B61F44DB-0F30-4002-A272-73CCA2F74949}.AppStore|ARM.Deploy.0 = Release|Any CPU
		{B61F44DB-0F30-4002-A272-73CCA2F74949}.AppStore|iPhone.ActiveCfg = Release|Any CPU
		{B61F44DB-0F30-4002-A272-73CCA2F74949}.AppStore|iPhone.Build.0 = Release|Any CPU
		{B61F44DB-0F30-4002-A272-73CCA2F74949}.AppStore|iPhone.Deploy.0 = Release|Any CPU
		{B61F44DB-0F30-4002-A272-73CCA2F74949}.AppStore|iPhoneSimulator.ActiveCfg = Release|Any CPU
		{B61F44DB-0F30-4002-A272-73CCA2F74949}.AppStore|iPhoneSimulator.Build.0 = Release|Any CPU
		{B61F44DB-0F30-4002-A272-73CCA2F74949}.AppStore|iPhoneSimulator.Deploy.0 = Release|Any CPU
		{B61F44DB-0F30-4002-A272-73CCA2F74949}.AppStore|x64.ActiveCfg = Release|Any CPU
		{B61F44DB-0F30-4002-A272-73CCA2F74949}.AppStore|x64.Build.0 = Release|Any CPU
		{B61F44DB-0F30-4002-A272-73CCA2F74949}.AppStore|x64.Deploy.0 = Release|Any CPU
		{B61F44DB-0F30-4002-A272-73CCA2F74949}.AppStore|x86.ActiveCfg = Release|Any CPU
		{B61F44DB-0F30-4002-A272-73CCA2F74949}.AppStore|x86.Build.0 = Release|Any CPU
		{B61F44DB-0F30-4002-A272-73CCA2F74949}.AppStore|x86.Deploy.0 = Release|Any CPU
		{B61F44DB-0F30-4002-A272-73CCA2F74949}.Debug|Any CPU.ActiveCfg = Debug|Any CPU
		{B61F44DB-0F30-4002-A272-73CCA2F74949}.Debug|Any CPU.Build.0 = Debug|Any CPU
		{B61F44DB-0F30-4002-A272-73CCA2F74949}.Debug|Any CPU.Deploy.0 = Debug|Any CPU
		{B61F44DB-0F30-4002-A272-73CCA2F74949}.Debug|ARM.ActiveCfg = Debug|Any CPU
		{B61F44DB-0F30-4002-A272-73CCA2F74949}.Debug|ARM.Build.0 = Debug|Any CPU
		{B61F44DB-0F30-4002-A272-73CCA2F74949}.Debug|ARM.Deploy.0 = Debug|Any CPU
		{B61F44DB-0F30-4002-A272-73CCA2F74949}.Debug|iPhone.ActiveCfg = Debug|Any CPU
		{B61F44DB-0F30-4002-A272-73CCA2F74949}.Debug|iPhone.Build.0 = Debug|Any CPU
		{B61F44DB-0F30-4002-A272-73CCA2F74949}.Debug|iPhone.Deploy.0 = Debug|Any CPU
		{B61F44DB-0F30-4002-A272-73CCA2F74949}.Debug|iPhoneSimulator.ActiveCfg = Debug|Any CPU
		{B61F44DB-0F30-4002-A272-73CCA2F74949}.Debug|iPhoneSimulator.Build.0 = Debug|Any CPU
		{B61F44DB-0F30-4002-A272-73CCA2F74949}.Debug|iPhoneSimulator.Deploy.0 = Debug|Any CPU
		{B61F44DB-0F30-4002-A272-73CCA2F74949}.Debug|x64.ActiveCfg = Debug|Any CPU
		{B61F44DB-0F30-4002-A272-73CCA2F74949}.Debug|x64.Build.0 = Debug|Any CPU
		{B61F44DB-0F30-4002-A272-73CCA2F74949}.Debug|x64.Deploy.0 = Debug|Any CPU
		{B61F44DB-0F30-4002-A272-73CCA2F74949}.Debug|x86.ActiveCfg = Debug|Any CPU
		{B61F44DB-0F30-4002-A272-73CCA2F74949}.Debug|x86.Build.0 = Debug|Any CPU
		{B61F44DB-0F30-4002-A272-73CCA2F74949}.Debug|x86.Deploy.0 = Debug|Any CPU
		{B61F44DB-0F30-4002-A272-73CCA2F74949}.Release|Any CPU.ActiveCfg = Release|Any CPU
		{B61F44DB-0F30-4002-A272-73CCA2F74949}.Release|Any CPU.Build.0 = Release|Any CPU
		{B61F44DB-0F30-4002-A272-73CCA2F74949}.Release|Any CPU.Deploy.0 = Release|Any CPU
		{B61F44DB-0F30-4002-A272-73CCA2F74949}.Release|ARM.ActiveCfg = Release|Any CPU
		{B61F44DB-0F30-4002-A272-73CCA2F74949}.Release|ARM.Build.0 = Release|Any CPU
		{B61F44DB-0F30-4002-A272-73CCA2F74949}.Release|ARM.Deploy.0 = Release|Any CPU
		{B61F44DB-0F30-4002-A272-73CCA2F74949}.Release|iPhone.ActiveCfg = Release|Any CPU
		{B61F44DB-0F30-4002-A272-73CCA2F74949}.Release|iPhone.Build.0 = Release|Any CPU
		{B61F44DB-0F30-4002-A272-73CCA2F74949}.Release|iPhone.Deploy.0 = Release|Any CPU
		{B61F44DB-0F30-4002-A272-73CCA2F74949}.Release|iPhoneSimulator.ActiveCfg = Release|Any CPU
		{B61F44DB-0F30-4002-A272-73CCA2F74949}.Release|iPhoneSimulator.Build.0 = Release|Any CPU
		{B61F44DB-0F30-4002-A272-73CCA2F74949}.Release|iPhoneSimulator.Deploy.0 = Release|Any CPU
		{B61F44DB-0F30-4002-A272-73CCA2F74949}.Release|x64.ActiveCfg = Release|Any CPU
		{B61F44DB-0F30-4002-A272-73CCA2F74949}.Release|x64.Build.0 = Release|Any CPU
		{B61F44DB-0F30-4002-A272-73CCA2F74949}.Release|x64.Deploy.0 = Release|Any CPU
		{B61F44DB-0F30-4002-A272-73CCA2F74949}.Release|x86.ActiveCfg = Release|Any CPU
		{B61F44DB-0F30-4002-A272-73CCA2F74949}.Release|x86.Build.0 = Release|Any CPU
		{B61F44DB-0F30-4002-A272-73CCA2F74949}.Release|x86.Deploy.0 = Release|Any CPU
		{48D0ADDD-A176-4E9B-9707-E52A0868CCAC}.Ad-Hoc|Any CPU.ActiveCfg = Ad-Hoc|iPhone
		{48D0ADDD-A176-4E9B-9707-E52A0868CCAC}.Ad-Hoc|ARM.ActiveCfg = Ad-Hoc|iPhone
		{48D0ADDD-A176-4E9B-9707-E52A0868CCAC}.Ad-Hoc|iPhone.ActiveCfg = Ad-Hoc|iPhone
		{48D0ADDD-A176-4E9B-9707-E52A0868CCAC}.Ad-Hoc|iPhone.Build.0 = Ad-Hoc|iPhone
		{48D0ADDD-A176-4E9B-9707-E52A0868CCAC}.Ad-Hoc|iPhoneSimulator.ActiveCfg = Ad-Hoc|iPhoneSimulator
		{48D0ADDD-A176-4E9B-9707-E52A0868CCAC}.Ad-Hoc|iPhoneSimulator.Build.0 = Ad-Hoc|iPhoneSimulator
		{48D0ADDD-A176-4E9B-9707-E52A0868CCAC}.Ad-Hoc|x64.ActiveCfg = Ad-Hoc|iPhone
		{48D0ADDD-A176-4E9B-9707-E52A0868CCAC}.Ad-Hoc|x86.ActiveCfg = Ad-Hoc|iPhone
		{48D0ADDD-A176-4E9B-9707-E52A0868CCAC}.AppStore|Any CPU.ActiveCfg = AppStore|iPhone
		{48D0ADDD-A176-4E9B-9707-E52A0868CCAC}.AppStore|ARM.ActiveCfg = AppStore|iPhone
		{48D0ADDD-A176-4E9B-9707-E52A0868CCAC}.AppStore|iPhone.ActiveCfg = AppStore|iPhone
		{48D0ADDD-A176-4E9B-9707-E52A0868CCAC}.AppStore|iPhone.Build.0 = AppStore|iPhone
		{48D0ADDD-A176-4E9B-9707-E52A0868CCAC}.AppStore|iPhoneSimulator.ActiveCfg = AppStore|iPhoneSimulator
		{48D0ADDD-A176-4E9B-9707-E52A0868CCAC}.AppStore|iPhoneSimulator.Build.0 = AppStore|iPhoneSimulator
		{48D0ADDD-A176-4E9B-9707-E52A0868CCAC}.AppStore|x64.ActiveCfg = AppStore|iPhone
		{48D0ADDD-A176-4E9B-9707-E52A0868CCAC}.AppStore|x86.ActiveCfg = AppStore|iPhone
		{48D0ADDD-A176-4E9B-9707-E52A0868CCAC}.Debug|Any CPU.ActiveCfg = Debug|iPhone
		{48D0ADDD-A176-4E9B-9707-E52A0868CCAC}.Debug|ARM.ActiveCfg = Debug|iPhone
		{48D0ADDD-A176-4E9B-9707-E52A0868CCAC}.Debug|iPhone.ActiveCfg = Debug|iPhone
		{48D0ADDD-A176-4E9B-9707-E52A0868CCAC}.Debug|iPhone.Build.0 = Debug|iPhone
		{48D0ADDD-A176-4E9B-9707-E52A0868CCAC}.Debug|iPhoneSimulator.ActiveCfg = Debug|iPhoneSimulator
		{48D0ADDD-A176-4E9B-9707-E52A0868CCAC}.Debug|iPhoneSimulator.Build.0 = Debug|iPhoneSimulator
		{48D0ADDD-A176-4E9B-9707-E52A0868CCAC}.Debug|x64.ActiveCfg = Debug|iPhone
		{48D0ADDD-A176-4E9B-9707-E52A0868CCAC}.Debug|x86.ActiveCfg = Debug|iPhone
		{48D0ADDD-A176-4E9B-9707-E52A0868CCAC}.Release|Any CPU.ActiveCfg = Release|iPhone
		{48D0ADDD-A176-4E9B-9707-E52A0868CCAC}.Release|ARM.ActiveCfg = Release|iPhone
		{48D0ADDD-A176-4E9B-9707-E52A0868CCAC}.Release|iPhone.ActiveCfg = Release|iPhone
		{48D0ADDD-A176-4E9B-9707-E52A0868CCAC}.Release|iPhone.Build.0 = Release|iPhone
		{48D0ADDD-A176-4E9B-9707-E52A0868CCAC}.Release|iPhoneSimulator.ActiveCfg = Release|iPhoneSimulator
		{48D0ADDD-A176-4E9B-9707-E52A0868CCAC}.Release|iPhoneSimulator.Build.0 = Release|iPhoneSimulator
		{48D0ADDD-A176-4E9B-9707-E52A0868CCAC}.Release|x64.ActiveCfg = Release|iPhone
		{48D0ADDD-A176-4E9B-9707-E52A0868CCAC}.Release|x86.ActiveCfg = Release|iPhone
		{E385C79A-C456-4BE5-89A7-60823405952C}.Ad-Hoc|Any CPU.ActiveCfg = Release|x86
		{E385C79A-C456-4BE5-89A7-60823405952C}.Ad-Hoc|Any CPU.Build.0 = Release|x86
		{E385C79A-C456-4BE5-89A7-60823405952C}.Ad-Hoc|Any CPU.Deploy.0 = Release|x86
		{E385C79A-C456-4BE5-89A7-60823405952C}.Ad-Hoc|ARM.ActiveCfg = Release|ARM
		{E385C79A-C456-4BE5-89A7-60823405952C}.Ad-Hoc|ARM.Build.0 = Release|ARM
		{E385C79A-C456-4BE5-89A7-60823405952C}.Ad-Hoc|ARM.Deploy.0 = Release|ARM
		{E385C79A-C456-4BE5-89A7-60823405952C}.Ad-Hoc|iPhone.ActiveCfg = Release|x86
		{E385C79A-C456-4BE5-89A7-60823405952C}.Ad-Hoc|iPhone.Build.0 = Release|x86
		{E385C79A-C456-4BE5-89A7-60823405952C}.Ad-Hoc|iPhone.Deploy.0 = Release|x86
		{E385C79A-C456-4BE5-89A7-60823405952C}.Ad-Hoc|iPhoneSimulator.ActiveCfg = Release|x86
		{E385C79A-C456-4BE5-89A7-60823405952C}.Ad-Hoc|iPhoneSimulator.Build.0 = Release|x86
		{E385C79A-C456-4BE5-89A7-60823405952C}.Ad-Hoc|iPhoneSimulator.Deploy.0 = Release|x86
		{E385C79A-C456-4BE5-89A7-60823405952C}.Ad-Hoc|x64.ActiveCfg = Release|x64
		{E385C79A-C456-4BE5-89A7-60823405952C}.Ad-Hoc|x64.Build.0 = Release|x64
		{E385C79A-C456-4BE5-89A7-60823405952C}.Ad-Hoc|x64.Deploy.0 = Release|x64
		{E385C79A-C456-4BE5-89A7-60823405952C}.Ad-Hoc|x86.ActiveCfg = Release|x86
		{E385C79A-C456-4BE5-89A7-60823405952C}.Ad-Hoc|x86.Build.0 = Release|x86
		{E385C79A-C456-4BE5-89A7-60823405952C}.Ad-Hoc|x86.Deploy.0 = Release|x86
		{E385C79A-C456-4BE5-89A7-60823405952C}.AppStore|Any CPU.ActiveCfg = Release|x86
		{E385C79A-C456-4BE5-89A7-60823405952C}.AppStore|Any CPU.Build.0 = Release|x86
		{E385C79A-C456-4BE5-89A7-60823405952C}.AppStore|Any CPU.Deploy.0 = Release|x86
		{E385C79A-C456-4BE5-89A7-60823405952C}.AppStore|ARM.ActiveCfg = Release|ARM
		{E385C79A-C456-4BE5-89A7-60823405952C}.AppStore|ARM.Build.0 = Release|ARM
		{E385C79A-C456-4BE5-89A7-60823405952C}.AppStore|ARM.Deploy.0 = Release|ARM
		{E385C79A-C456-4BE5-89A7-60823405952C}.AppStore|iPhone.ActiveCfg = Release|x86
		{E385C79A-C456-4BE5-89A7-60823405952C}.AppStore|iPhone.Build.0 = Release|x86
		{E385C79A-C456-4BE5-89A7-60823405952C}.AppStore|iPhone.Deploy.0 = Release|x86
		{E385C79A-C456-4BE5-89A7-60823405952C}.AppStore|iPhoneSimulator.ActiveCfg = Release|x86
		{E385C79A-C456-4BE5-89A7-60823405952C}.AppStore|iPhoneSimulator.Build.0 = Release|x86
		{E385C79A-C456-4BE5-89A7-60823405952C}.AppStore|iPhoneSimulator.Deploy.0 = Release|x86
		{E385C79A-C456-4BE5-89A7-60823405952C}.AppStore|x64.ActiveCfg = Release|x64
		{E385C79A-C456-4BE5-89A7-60823405952C}.AppStore|x64.Build.0 = Release|x64
		{E385C79A-C456-4BE5-89A7-60823405952C}.AppStore|x64.Deploy.0 = Release|x64
		{E385C79A-C456-4BE5-89A7-60823405952C}.AppStore|x86.ActiveCfg = Release|x86
		{E385C79A-C456-4BE5-89A7-60823405952C}.AppStore|x86.Build.0 = Release|x86
		{E385C79A-C456-4BE5-89A7-60823405952C}.AppStore|x86.Deploy.0 = Release|x86
		{E385C79A-C456-4BE5-89A7-60823405952C}.Debug|Any CPU.ActiveCfg = Debug|x86
		{E385C79A-C456-4BE5-89A7-60823405952C}.Debug|ARM.ActiveCfg = Debug|ARM
		{E385C79A-C456-4BE5-89A7-60823405952C}.Debug|ARM.Build.0 = Debug|ARM
		{E385C79A-C456-4BE5-89A7-60823405952C}.Debug|ARM.Deploy.0 = Debug|ARM
		{E385C79A-C456-4BE5-89A7-60823405952C}.Debug|iPhone.ActiveCfg = Debug|x86
		{E385C79A-C456-4BE5-89A7-60823405952C}.Debug|iPhoneSimulator.ActiveCfg = Debug|x86
		{E385C79A-C456-4BE5-89A7-60823405952C}.Debug|x64.ActiveCfg = Debug|x64
		{E385C79A-C456-4BE5-89A7-60823405952C}.Debug|x64.Build.0 = Debug|x64
		{E385C79A-C456-4BE5-89A7-60823405952C}.Debug|x64.Deploy.0 = Debug|x64
		{E385C79A-C456-4BE5-89A7-60823405952C}.Debug|x86.ActiveCfg = Debug|x86
		{E385C79A-C456-4BE5-89A7-60823405952C}.Debug|x86.Build.0 = Debug|x86
		{E385C79A-C456-4BE5-89A7-60823405952C}.Debug|x86.Deploy.0 = Debug|x86
		{E385C79A-C456-4BE5-89A7-60823405952C}.Release|Any CPU.ActiveCfg = Release|x86
		{E385C79A-C456-4BE5-89A7-60823405952C}.Release|ARM.ActiveCfg = Release|ARM
		{E385C79A-C456-4BE5-89A7-60823405952C}.Release|ARM.Build.0 = Release|ARM
		{E385C79A-C456-4BE5-89A7-60823405952C}.Release|ARM.Deploy.0 = Release|ARM
		{E385C79A-C456-4BE5-89A7-60823405952C}.Release|iPhone.ActiveCfg = Release|x86
		{E385C79A-C456-4BE5-89A7-60823405952C}.Release|iPhoneSimulator.ActiveCfg = Release|x86
		{E385C79A-C456-4BE5-89A7-60823405952C}.Release|x64.ActiveCfg = Release|x64
		{E385C79A-C456-4BE5-89A7-60823405952C}.Release|x64.Build.0 = Release|x64
		{E385C79A-C456-4BE5-89A7-60823405952C}.Release|x64.Deploy.0 = Release|x64
		{E385C79A-C456-4BE5-89A7-60823405952C}.Release|x86.ActiveCfg = Release|x86
		{E385C79A-C456-4BE5-89A7-60823405952C}.Release|x86.Build.0 = Release|x86
		{E385C79A-C456-4BE5-89A7-60823405952C}.Release|x86.Deploy.0 = Release|x86
		{4FA5AAC8-11C3-4583-8A1D-D5CEBE2DA723}.Ad-Hoc|Any CPU.ActiveCfg = Debug|Any CPU
		{4FA5AAC8-11C3-4583-8A1D-D5CEBE2DA723}.Ad-Hoc|Any CPU.Build.0 = Debug|Any CPU
		{4FA5AAC8-11C3-4583-8A1D-D5CEBE2DA723}.Ad-Hoc|ARM.ActiveCfg = Debug|Any CPU
		{4FA5AAC8-11C3-4583-8A1D-D5CEBE2DA723}.Ad-Hoc|ARM.Build.0 = Debug|Any CPU
		{4FA5AAC8-11C3-4583-8A1D-D5CEBE2DA723}.Ad-Hoc|iPhone.ActiveCfg = Debug|Any CPU
		{4FA5AAC8-11C3-4583-8A1D-D5CEBE2DA723}.Ad-Hoc|iPhone.Build.0 = Debug|Any CPU
		{4FA5AAC8-11C3-4583-8A1D-D5CEBE2DA723}.Ad-Hoc|iPhoneSimulator.ActiveCfg = Debug|Any CPU
		{4FA5AAC8-11C3-4583-8A1D-D5CEBE2DA723}.Ad-Hoc|iPhoneSimulator.Build.0 = Debug|Any CPU
		{4FA5AAC8-11C3-4583-8A1D-D5CEBE2DA723}.Ad-Hoc|x64.ActiveCfg = Debug|Any CPU
		{4FA5AAC8-11C3-4583-8A1D-D5CEBE2DA723}.Ad-Hoc|x64.Build.0 = Debug|Any CPU
		{4FA5AAC8-11C3-4583-8A1D-D5CEBE2DA723}.Ad-Hoc|x86.ActiveCfg = Debug|Any CPU
		{4FA5AAC8-11C3-4583-8A1D-D5CEBE2DA723}.Ad-Hoc|x86.Build.0 = Debug|Any CPU
		{4FA5AAC8-11C3-4583-8A1D-D5CEBE2DA723}.AppStore|Any CPU.ActiveCfg = Debug|Any CPU
		{4FA5AAC8-11C3-4583-8A1D-D5CEBE2DA723}.AppStore|Any CPU.Build.0 = Debug|Any CPU
		{4FA5AAC8-11C3-4583-8A1D-D5CEBE2DA723}.AppStore|ARM.ActiveCfg = Debug|Any CPU
		{4FA5AAC8-11C3-4583-8A1D-D5CEBE2DA723}.AppStore|ARM.Build.0 = Debug|Any CPU
		{4FA5AAC8-11C3-4583-8A1D-D5CEBE2DA723}.AppStore|iPhone.ActiveCfg = Debug|Any CPU
		{4FA5AAC8-11C3-4583-8A1D-D5CEBE2DA723}.AppStore|iPhone.Build.0 = Debug|Any CPU
		{4FA5AAC8-11C3-4583-8A1D-D5CEBE2DA723}.AppStore|iPhoneSimulator.ActiveCfg = Debug|Any CPU
		{4FA5AAC8-11C3-4583-8A1D-D5CEBE2DA723}.AppStore|iPhoneSimulator.Build.0 = Debug|Any CPU
		{4FA5AAC8-11C3-4583-8A1D-D5CEBE2DA723}.AppStore|x64.ActiveCfg = Debug|Any CPU
		{4FA5AAC8-11C3-4583-8A1D-D5CEBE2DA723}.AppStore|x64.Build.0 = Debug|Any CPU
		{4FA5AAC8-11C3-4583-8A1D-D5CEBE2DA723}.AppStore|x86.ActiveCfg = Debug|Any CPU
		{4FA5AAC8-11C3-4583-8A1D-D5CEBE2DA723}.AppStore|x86.Build.0 = Debug|Any CPU
		{4FA5AAC8-11C3-4583-8A1D-D5CEBE2DA723}.Debug|Any CPU.ActiveCfg = Debug|Any CPU
		{4FA5AAC8-11C3-4583-8A1D-D5CEBE2DA723}.Debug|Any CPU.Build.0 = Debug|Any CPU
		{4FA5AAC8-11C3-4583-8A1D-D5CEBE2DA723}.Debug|ARM.ActiveCfg = Debug|Any CPU
		{4FA5AAC8-11C3-4583-8A1D-D5CEBE2DA723}.Debug|ARM.Build.0 = Debug|Any CPU
		{4FA5AAC8-11C3-4583-8A1D-D5CEBE2DA723}.Debug|iPhone.ActiveCfg = Debug|Any CPU
		{4FA5AAC8-11C3-4583-8A1D-D5CEBE2DA723}.Debug|iPhone.Build.0 = Debug|Any CPU
		{4FA5AAC8-11C3-4583-8A1D-D5CEBE2DA723}.Debug|iPhoneSimulator.ActiveCfg = Debug|Any CPU
		{4FA5AAC8-11C3-4583-8A1D-D5CEBE2DA723}.Debug|iPhoneSimulator.Build.0 = Debug|Any CPU
		{4FA5AAC8-11C3-4583-8A1D-D5CEBE2DA723}.Debug|x64.ActiveCfg = Debug|Any CPU
		{4FA5AAC8-11C3-4583-8A1D-D5CEBE2DA723}.Debug|x64.Build.0 = Debug|Any CPU
		{4FA5AAC8-11C3-4583-8A1D-D5CEBE2DA723}.Debug|x86.ActiveCfg = Debug|Any CPU
		{4FA5AAC8-11C3-4583-8A1D-D5CEBE2DA723}.Debug|x86.Build.0 = Debug|Any CPU
		{4FA5AAC8-11C3-4583-8A1D-D5CEBE2DA723}.Release|Any CPU.ActiveCfg = Release|Any CPU
		{4FA5AAC8-11C3-4583-8A1D-D5CEBE2DA723}.Release|Any CPU.Build.0 = Release|Any CPU
		{4FA5AAC8-11C3-4583-8A1D-D5CEBE2DA723}.Release|ARM.ActiveCfg = Release|Any CPU
		{4FA5AAC8-11C3-4583-8A1D-D5CEBE2DA723}.Release|ARM.Build.0 = Release|Any CPU
		{4FA5AAC8-11C3-4583-8A1D-D5CEBE2DA723}.Release|iPhone.ActiveCfg = Release|Any CPU
		{4FA5AAC8-11C3-4583-8A1D-D5CEBE2DA723}.Release|iPhone.Build.0 = Release|Any CPU
		{4FA5AAC8-11C3-4583-8A1D-D5CEBE2DA723}.Release|iPhoneSimulator.ActiveCfg = Release|Any CPU
		{4FA5AAC8-11C3-4583-8A1D-D5CEBE2DA723}.Release|iPhoneSimulator.Build.0 = Release|Any CPU
		{4FA5AAC8-11C3-4583-8A1D-D5CEBE2DA723}.Release|x64.ActiveCfg = Release|Any CPU
		{4FA5AAC8-11C3-4583-8A1D-D5CEBE2DA723}.Release|x64.Build.0 = Release|Any CPU
		{4FA5AAC8-11C3-4583-8A1D-D5CEBE2DA723}.Release|x86.ActiveCfg = Release|Any CPU
		{4FA5AAC8-11C3-4583-8A1D-D5CEBE2DA723}.Release|x86.Build.0 = Release|Any CPU
	EndGlobalSection
	GlobalSection(SolutionProperties) = preSolution
		HideSolutionNode = FALSE
	EndGlobalSection
	GlobalSection(ExtensibilityGlobals) = postSolution
		SolutionGuid = {55F12A8E-88BB-48D5-8B96-10AB9DAE63FA}
	EndGlobalSection
EndGlobal
